{
  "version": "3",
  "packages": {
    "specifiers": {
      "jsr:@signal/core@^0.0.0": "jsr:@signal/core@0.0.0"
    },
    "jsr": {
      "@signal/core@0.0.0": {
        "integrity": "30127ce58c58fb584eed0a655eafe1e3eeb66a46fa0d5f144eac4161c96d960d"
      }
    }
  },
  "remote": {},
  "workspace": {
    "dependencies": [
      "jsr:@signal/core@^0.0.0"
    ]
  }
}
