{
  "version": "3",
  "packages": {
    "specifiers": {
      "jsr:@signal/core@^0.0.0": "jsr:@signal/core@0.0.0"
    },
    "jsr": {
      "@signal/core@0.0.0": {
        "integrity": "592f352aad0c6aabfbeb19737493ccb3c2db252bf956fb51df2dead6edd08ada"
      }
    }
  },
  "remote": {},
  "workspace": {
    "dependencies": [
      "jsr:@signal/core@^0.0.0"
    ]
  }
}
